
Microsoft Visual Studio Solution File, Format Version 11.00
# Visual Studio 2010
Project("{FAE04EC0-301F-11D3-BF4B-00C04F79EFBC}") = "unit-testing", "unit-testing\unit-testing.csproj", "{0BB6D439-CBBD-4B68-9B7D-026DAC5C1516}"
EndProject
Project("{FAE04EC0-301F-11D3-BF4B-00C04F79EFBC}") = "TestGame", "TestGame\TestGame.csproj", "{0F564290-948E-44AC-B95D-0F9BE8D1C8D9}"
EndProject
Project("{2150E333-8FDC-42A3-9474-1A3956D46DE8}") = "Solution Items", "Solution Items", "{A0B4B647-DFD6-45E5-8E94-C823BEB7A635}"
	ProjectSection(SolutionItems) = preProject
		Local.testsettings = Local.testsettings
		TraceAndTestImpact.testsettings = TraceAndTestImpact.testsettings
		unit-testing.vsmdi = unit-testing.vsmdi
	EndProjectSection
EndProject
Global
	GlobalSection(TestCaseManagementSettings) = postSolution
		CategoryFile = unit-testing.vsmdi
	EndGlobalSection
	GlobalSection(SolutionConfigurationPlatforms) = preSolution
		Debug|Any CPU = Debug|Any CPU
		Debug|Mixed Platforms = Debug|Mixed Platforms
		Debug|x86 = Debug|x86
		Release|Any CPU = Release|Any CPU
		Release|Mixed Platforms = Release|Mixed Platforms
		Release|x86 = Release|x86
	EndGlobalSection
	GlobalSection(ProjectConfigurationPlatforms) = postSolution
		{0BB6D439-CBBD-4B68-9B7D-026DAC5C1516}.Debug|Any CPU.ActiveCfg = Debug|x86
		{0BB6D439-CBBD-4B68-9B7D-026DAC5C1516}.Debug|Mixed Platforms.ActiveCfg = Debug|x86
		{0BB6D439-CBBD-4B68-9B7D-026DAC5C1516}.Debug|Mixed Platforms.Build.0 = Debug|x86
		{0BB6D439-CBBD-4B68-9B7D-026DAC5C1516}.Debug|x86.ActiveCfg = Debug|x86
		{0BB6D439-CBBD-4B68-9B7D-026DAC5C1516}.Debug|x86.Build.0 = Debug|x86
		{0BB6D439-CBBD-4B68-9B7D-026DAC5C1516}.Release|Any CPU.ActiveCfg = Release|x86
		{0BB6D439-CBBD-4B68-9B7D-026DAC5C1516}.Release|Mixed Platforms.ActiveCfg = Release|x86
		{0BB6D439-CBBD-4B68-9B7D-026DAC5C1516}.Release|Mixed Platforms.Build.0 = Release|x86
		{0BB6D439-CBBD-4B68-9B7D-026DAC5C1516}.Release|x86.ActiveCfg = Release|x86
		{0BB6D439-CBBD-4B68-9B7D-026DAC5C1516}.Release|x86.Build.0 = Release|x86
		{0F564290-948E-44AC-B95D-0F9BE8D1C8D9}.Debug|Any CPU.ActiveCfg = Debug|Any CPU
		{0F564290-948E-44AC-B95D-0F9BE8D1C8D9}.Debug|Any CPU.Build.0 = Debug|Any CPU
		{0F564290-948E-44AC-B95D-0F9BE8D1C8D9}.Debug|Mixed Platforms.ActiveCfg = Debug|Any CPU
		{0F564290-948E-44AC-B95D-0F9BE8D1C8D9}.Debug|Mixed Platforms.Build.0 = Debug|Any CPU
		{0F564290-948E-44AC-B95D-0F9BE8D1C8D9}.Debug|x86.ActiveCfg = Debug|Any CPU
		{0F564290-948E-44AC-B95D-0F9BE8D1C8D9}.Release|Any CPU.ActiveCfg = Release|Any CPU
		{0F564290-948E-44AC-B95D-0F9BE8D1C8D9}.Release|Any CPU.Build.0 = Release|Any CPU
		{0F564290-948E-44AC-B95D-0F9BE8D1C8D9}.Release|Mixed Platforms.ActiveCfg = Release|Any CPU
		{0F564290-948E-44AC-B95D-0F9BE8D1C8D9}.Release|Mixed Platforms.Build.0 = Release|Any CPU
		{0F564290-948E-44AC-B95D-0F9BE8D1C8D9}.Release|x86.ActiveCfg = Release|Any CPU
	EndGlobalSection
	GlobalSection(SolutionProperties) = preSolution
		HideSolutionNode = FALSE
	EndGlobalSection
EndGlobal
